github.com/coder/websocket v1.8.15 h1:6B2JPeOGlpff2Uz6vOEH1Vzpi0iUz20A+lPVhPHtNUA=
github.com/coder/websocket v1.8.15/go.mod h1:NX3SzP+inril6yawo5CQXx8+fk145lPDC6pumgx0mVg=
github.com/cplieger/atomicfile/v2 v2.3.0 h1:KxGZFHhQu6brUxadPLAk6FtliZtQz1Uek7BT/BerYSU=
github.com/cplieger/atomicfile/v2 v2.3.0/go.mod h1:jgwJ7oU3qahL4NwiF+1iBIzPRpR8LwXnicSalGoJeVA=
github.com/cplieger/envx v1.2.2 h1:nnobXPGr8X8Pn+V60wrl/+08wjpO5ydagT5xfcA1Akg=
github.com/cplieger/envx v1.2.2/go.mod h1:OA7MSc3ChDXYZgIlHkABJZWt5FqUtr66yWBISLUvq20=
github.com/cplieger/health v1.4.0 h1:MnLfSZNRnq7wYSMVi1s8Ox0kowk5iPzmqVKQ5JHHsoM=
github.com/cplieger/health v1.4.0/go.mod h1:15Lm3XhPMU3nCEDfIH2hVAz6TXH06Wwiz9tgBi71vEE=
github.com/cplieger/httpx/v3 v3.2.0 h1:vMqF0Bf06gkfJJMfZQNHnHyEnbtLo8DdnqZNLL0D+yE=
github.com/cplieger/httpx/v3 v3.2.0/go.mod h1:aITrLHd0nPnJ5+Gu76xhRyOChC0KZEBCwslCELPHk+s=
github.com/cplieger/jsonx v1.2.0 h1:fWOAvQdsSiu30kWQduCF3S3qUrnosDKwYdByVQ+SM5M=
github.com/cplieger/jsonx v1.2.0/go.mod h1:6EoDR/SptVUcpEx+YyZcvGym6Je9vBPmhEwG/BwAVv8=
github.com/cplieger/plexapi v1.3.2 h1:R74GeRNn3HKpd2zO5NOqi5vYakgnVfaHv/jk/Sqst1U=
github.com/cplieger/plexapi v1.3.2/go.mod h1:fEY+1qaS+OPsh+5NE+7MPSsrjBQ/9izHqTNbbeJJE2o=
github.com/cplieger/runesafe v1.2.1 h1:OXBQzu0PMGm5pe0Gn8zRl+MAmu9Iss1pLI3160pJBTw=
github.com/cplieger/runesafe v1.2.1/go.mod h1:37oz7JJVn1PIWv5UHrJhDhCabmqhMY+eRavwZ6Lp6NI=
github.com/cplieger/scheduler/v2 v2.1.0 h1:LXJS9he6g55sl3IIm/2e+1sSEjcG/2YPZFZITd/DQoQ=
github.com/cplieger/scheduler/v2 v2.1.0/go.mod h1:+uGxZnD7/hftimflPJgOmNY3jqShKFhUZuBEpNgc1dA=
github.com/cplieger/slogx v1.4.0 h1:VlT8gYxqrQHxyEd7VKLy+QCmm3Utut3DQ6Y0P09uv3Q=
github.com/cplieger/slogx v1.4.0/go.mod h1:15KA2NVx725imQe/PYXUmd3oM2oMpYpqwU+hdHtz7Fc=
golang.org/x/sync v0.22.0 h1:SZjpbeLmrCk4xhRSZFNZW5gFUeCeFgjekvI/+gfScek=
golang.org/x/sync v0.22.0/go.mod h1:9xrNwdLfx4jkKbNva9FpL6vEN7evnE43NNNJQ2LF3+0=
pgregory.net/rapid v1.3.0 h1:vBvO0VSqti75J1jjYqpgPNBLKMd1+gxa9fYo7vk/Exc=
pgregory.net/rapid v1.3.0/go.mod h1:dPlE4OBBxgXPqkP79flB6sJL1dx5azpI7HQ9MY9Z7uk=
