github.com/coder/websocket v1.8.15 h1:6B2JPeOGlpff2Uz6vOEH1Vzpi0iUz20A+lPVhPHtNUA=
github.com/coder/websocket v1.8.15/go.mod h1:NX3SzP+inril6yawo5CQXx8+fk145lPDC6pumgx0mVg=
github.com/cplieger/atomicfile/v2 v2.2.0 h1:JY8wEZ+DmcenfuaVvHOaCZJdVbwpSr6z4wT5y278FCM=
github.com/cplieger/atomicfile/v2 v2.2.0/go.mod h1:jgwJ7oU3qahL4NwiF+1iBIzPRpR8LwXnicSalGoJeVA=
github.com/cplieger/envx v1.2.1 h1:HPjGLAg9PflGgeqaBx82e2Eyyod6PrKh66h+4rJf2UY=
github.com/cplieger/envx v1.2.1/go.mod h1:OA7MSc3ChDXYZgIlHkABJZWt5FqUtr66yWBISLUvq20=
github.com/cplieger/health v1.4.0 h1:MnLfSZNRnq7wYSMVi1s8Ox0kowk5iPzmqVKQ5JHHsoM=
github.com/cplieger/health v1.4.0/go.mod h1:15Lm3XhPMU3nCEDfIH2hVAz6TXH06Wwiz9tgBi71vEE=
github.com/cplieger/httpx/v3 v3.1.1 h1:e/5Gl8TQyP/80MwFQcZowJt4XG7L90kpY7v5pH/nUX8=
github.com/cplieger/httpx/v3 v3.1.1/go.mod h1:aITrLHd0nPnJ5+Gu76xhRyOChC0KZEBCwslCELPHk+s=
github.com/cplieger/jsonx v1.1.1 h1:dT38bx6z9u/90q5LulMjM63+g0R4ZOY+CWuF0Og2aX8=
github.com/cplieger/jsonx v1.1.1/go.mod h1:6EoDR/SptVUcpEx+YyZcvGym6Je9vBPmhEwG/BwAVv8=
github.com/cplieger/plexapi v1.3.1 h1:KxZMVy6RFLzfEZX29vQFAO6utXZl1qAYEFcjRFbclG8=
github.com/cplieger/plexapi v1.3.1/go.mod h1:o8praObwWosOGma6KnPXQqF9a4rAiJtlLpDLtGZzT8A=
github.com/cplieger/runesafe v1.1.1 h1:m+CGKmn86jDn2S15LE6SZlpH2gihN4Id7CA60RawLMs=
github.com/cplieger/runesafe v1.1.1/go.mod h1:37oz7JJVn1PIWv5UHrJhDhCabmqhMY+eRavwZ6Lp6NI=
github.com/cplieger/scheduler/v2 v2.0.0 h1:SuMKuywcxAGdlBIvMEoGK7debBWnYwbpPlkw3n4QrMI=
github.com/cplieger/scheduler/v2 v2.0.0/go.mod h1:+uGxZnD7/hftimflPJgOmNY3jqShKFhUZuBEpNgc1dA=
github.com/cplieger/slogx v1.3.1 h1:iS4PApdkz5yl9x36W/dFmLgk7vO6YA1SWH6z/Fls98g=
github.com/cplieger/slogx v1.3.1/go.mod h1:15KA2NVx725imQe/PYXUmd3oM2oMpYpqwU+hdHtz7Fc=
golang.org/x/sync v0.22.0 h1:SZjpbeLmrCk4xhRSZFNZW5gFUeCeFgjekvI/+gfScek=
golang.org/x/sync v0.22.0/go.mod h1:9xrNwdLfx4jkKbNva9FpL6vEN7evnE43NNNJQ2LF3+0=
pgregory.net/rapid v1.3.0 h1:vBvO0VSqti75J1jjYqpgPNBLKMd1+gxa9fYo7vk/Exc=
pgregory.net/rapid v1.3.0/go.mod h1:dPlE4OBBxgXPqkP79flB6sJL1dx5azpI7HQ9MY9Z7uk=
