github.com/coder/websocket v1.8.15 h1:6B2JPeOGlpff2Uz6vOEH1Vzpi0iUz20A+lPVhPHtNUA=
github.com/coder/websocket v1.8.15/go.mod h1:NX3SzP+inril6yawo5CQXx8+fk145lPDC6pumgx0mVg=
github.com/cplieger/atomicfile/v2 v2.9.1 h1:ffPe0EEDOUuVJCFpYlj6GbyBBQe6B/M2pYAlgXvXreM=
github.com/cplieger/atomicfile/v2 v2.9.1/go.mod h1:nGhc6CiB3BdQtQsKh/E4Trp5kr4wRxcpslZYsc/qBRQ=
github.com/cplieger/envx v1.6.2 h1:WkkfW0X2zThD0CFa8gyRT0fIkBs92aaJAysrv8DTQ7w=
github.com/cplieger/envx v1.6.2/go.mod h1:KDD48+0Z6HDkryyvyijGNzEwPb453psx9NKzVlqp9NU=
github.com/cplieger/health v1.5.1 h1:HxMLi2KOgNwCJ9yo+YicnRQXelD5B0hJTfmG/eJ0cWc=
github.com/cplieger/health v1.5.1/go.mod h1:pFkWxVKbja/KO/bkI0ybdN4LipfX8yNTqSM/S0ufrhE=
github.com/cplieger/httpx/v4 v4.3.1 h1:XDyP4i0k02B6wvnW4mp0KQ7vM6RIHtzkkP0Gzzu2GVI=
github.com/cplieger/httpx/v4 v4.3.1/go.mod h1:0coefCZ470kiMATdNrU0CY5a4g/W7pFy0433CVZHwWc=
github.com/cplieger/jsonx v1.4.1 h1:UeaV4OCPJXepaQ4uXQsyKS0iSku7WjFfqpC6BTzqX3c=
github.com/cplieger/jsonx v1.4.1/go.mod h1:/SeA9jQwNBd3QsG1McbWkbyO0UyBg1s7SE51/Vm/L7c=
github.com/cplieger/keyenc v1.0.2 h1:1DjKsJOOXOu7Qdhupj7S5Wq6fcrA1moKnBZBrF37XiE=
github.com/cplieger/keyenc v1.0.2/go.mod h1:Q9zMsHPmtkcMvl8PjC2r3YIOoDicMlUcwkEdv+9oK2I=
github.com/cplieger/pathinside v1.0.1 h1:9V47HfttoYR8V0JE24u50KGNujXmnWLVdIiOGawsY3w=
github.com/cplieger/pathinside v1.0.1/go.mod h1:WLX0Ih8PbQmhaKmaUjJ+OhaiggEeIFqSFy9Qs1oDQKo=
github.com/cplieger/plexapi v1.3.8 h1:OaCN5VfABYN/x1quo2gY5uXjtRLnSaUyczLGqqeDnNg=
github.com/cplieger/plexapi v1.3.8/go.mod h1:FlvgGyrsd2Sya3Kmyr86GWfwyPKAM6Xg4W9bWjDCj48=
github.com/cplieger/runesafe v1.4.1 h1:yRlSpbjPVVRHqlWflwx1mXKH4eudbTqbga3/CAZTSsY=
github.com/cplieger/runesafe v1.4.1/go.mod h1:YLZBsc8mkP/AdmRml6BcsHgUeQm6hZZ7YLcjpY91Nzo=
github.com/cplieger/scheduler/v3 v3.0.1 h1:ojSjH+GTpXvJ3WkYCJ8zUenjSGYR7It0aM8o4EZuMbo=
github.com/cplieger/scheduler/v3 v3.0.1/go.mod h1:1oUtp6Fnt35v1VR0QKf1axoTyO/Sq3nLea/CGa8cz14=
github.com/cplieger/slogx v1.6.1 h1:f9C3LeGPD6uxAU096O7ggUcvmon8vFmG6WMkscMI6rU=
github.com/cplieger/slogx v1.6.1/go.mod h1:BMgRBOiufqGP7GRx2iz6wykZ2c9tBk570g9MPs5ejNQ=
github.com/cplieger/xmlx v1.0.1 h1:34SuU+x+2qE0uKRtqw3lM66ljYG57z0n+L3Ccp5q8H8=
github.com/cplieger/xmlx v1.0.1/go.mod h1:+XOW4egV6AeF/Z14oyY4QNPgLkutnGLb5zMXjfhudQE=
golang.org/x/sync v0.22.0 h1:SZjpbeLmrCk4xhRSZFNZW5gFUeCeFgjekvI/+gfScek=
golang.org/x/sync v0.22.0/go.mod h1:9xrNwdLfx4jkKbNva9FpL6vEN7evnE43NNNJQ2LF3+0=
pgregory.net/rapid v1.3.0 h1:vBvO0VSqti75J1jjYqpgPNBLKMd1+gxa9fYo7vk/Exc=
pgregory.net/rapid v1.3.0/go.mod h1:dPlE4OBBxgXPqkP79flB6sJL1dx5azpI7HQ9MY9Z7uk=
